
Microsoft Visual Studio Solution File, Format Version 12.00
# Visual Studio 15
VisualStudioVersion = 15.0.27703.2042
MinimumVisualStudioVersion = 10.0.40219.1
Project("{FAE04EC0-301F-11D3-BF4B-00C04F79EFBC}") = "KenticoOnboardingApplication.Api", "src\KenticoOnboardingApplication.Api\KenticoOnboardingApplication.Api.csproj", "{CDD566D1-CA19-4352-816E-D9BA906BD958}"
EndProject
Project("{FAE04EC0-301F-11D3-BF4B-00C04F79EFBC}") = "KenticoOnboardingApplication.Api.Tests", "test\KenticoOnboardingApplication.Api.Tests\KenticoOnboardingApplication.Api.Tests.csproj", "{1B8F164A-4090-4E71-9B31-2F658621A211}"
EndProject
Project("{2150E333-8FDC-42A3-9474-1A3956D46DE8}") = "src", "src", "{C030542B-273D-4772-A9CA-0CF7805F7EAB}"
EndProject
Project("{2150E333-8FDC-42A3-9474-1A3956D46DE8}") = "test", "test", "{C213F691-F62E-4A1E-9FB3-5C18B4D5B736}"
EndProject
Project("{FAE04EC0-301F-11D3-BF4B-00C04F79EFBC}") = "KenticoOnboardingApplication.Repositories", "src\KenticoOnboardingApplication.Repositories\KenticoOnboardingApplication.Repositories.csproj", "{D017FA68-EC5B-4EF0-BA0E-EA1DB821A1D9}"
EndProject
Project("{FAE04EC0-301F-11D3-BF4B-00C04F79EFBC}") = "KenticoOnboardingApplication.Contracts", "src\KenticoOnboardingApplication.Contracts\KenticoOnboardingApplication.Contracts.csproj", "{C56BB138-9B16-4CBC-B629-8DE284907F0C}"
EndProject
Global
	GlobalSection(SolutionConfigurationPlatforms) = preSolution
		Debug|Any CPU = Debug|Any CPU
		Release|Any CPU = Release|Any CPU
	EndGlobalSection
	GlobalSection(ProjectConfigurationPlatforms) = postSolution
		{CDD566D1-CA19-4352-816E-D9BA906BD958}.Debug|Any CPU.ActiveCfg = Debug|Any CPU
		{CDD566D1-CA19-4352-816E-D9BA906BD958}.Debug|Any CPU.Build.0 = Debug|Any CPU
		{CDD566D1-CA19-4352-816E-D9BA906BD958}.Release|Any CPU.ActiveCfg = Release|Any CPU
		{CDD566D1-CA19-4352-816E-D9BA906BD958}.Release|Any CPU.Build.0 = Release|Any CPU
		{1B8F164A-4090-4E71-9B31-2F658621A211}.Debug|Any CPU.ActiveCfg = Debug|Any CPU
		{1B8F164A-4090-4E71-9B31-2F658621A211}.Debug|Any CPU.Build.0 = Debug|Any CPU
		{1B8F164A-4090-4E71-9B31-2F658621A211}.Release|Any CPU.ActiveCfg = Release|Any CPU
		{1B8F164A-4090-4E71-9B31-2F658621A211}.Release|Any CPU.Build.0 = Release|Any CPU
		{D017FA68-EC5B-4EF0-BA0E-EA1DB821A1D9}.Debug|Any CPU.ActiveCfg = Debug|Any CPU
		{D017FA68-EC5B-4EF0-BA0E-EA1DB821A1D9}.Debug|Any CPU.Build.0 = Debug|Any CPU
		{D017FA68-EC5B-4EF0-BA0E-EA1DB821A1D9}.Release|Any CPU.ActiveCfg = Release|Any CPU
		{D017FA68-EC5B-4EF0-BA0E-EA1DB821A1D9}.Release|Any CPU.Build.0 = Release|Any CPU
		{C56BB138-9B16-4CBC-B629-8DE284907F0C}.Debug|Any CPU.ActiveCfg = Debug|Any CPU
		{C56BB138-9B16-4CBC-B629-8DE284907F0C}.Debug|Any CPU.Build.0 = Debug|Any CPU
		{C56BB138-9B16-4CBC-B629-8DE284907F0C}.Release|Any CPU.ActiveCfg = Release|Any CPU
		{C56BB138-9B16-4CBC-B629-8DE284907F0C}.Release|Any CPU.Build.0 = Release|Any CPU
	EndGlobalSection
	GlobalSection(SolutionProperties) = preSolution
		HideSolutionNode = FALSE
	EndGlobalSection
	GlobalSection(NestedProjects) = preSolution
		{CDD566D1-CA19-4352-816E-D9BA906BD958} = {C030542B-273D-4772-A9CA-0CF7805F7EAB}
		{1B8F164A-4090-4E71-9B31-2F658621A211} = {C213F691-F62E-4A1E-9FB3-5C18B4D5B736}
		{D017FA68-EC5B-4EF0-BA0E-EA1DB821A1D9} = {C030542B-273D-4772-A9CA-0CF7805F7EAB}
		{C56BB138-9B16-4CBC-B629-8DE284907F0C} = {C030542B-273D-4772-A9CA-0CF7805F7EAB}
	EndGlobalSection
	GlobalSection(ExtensibilityGlobals) = postSolution
		SolutionGuid = {09A8D080-3862-42BB-8BE4-4EA2553C1521}
	EndGlobalSection
EndGlobal
