
Microsoft Visual Studio Solution File, Format Version 12.00
# Visual Studio 15
VisualStudioVersion = 15.0.28010.2036
MinimumVisualStudioVersion = 10.0.40219.1
Project("{FAE04EC0-301F-11D3-BF4B-00C04F79EFBC}") = "KenticoOnboardingApplication.Api", "src\KenticoOnboardingApplication.Api\KenticoOnboardingApplication.Api.csproj", "{F72C7AA5-EA04-41E3-96E3-B26E6B9C9CBA}"
EndProject
Project("{FAE04EC0-301F-11D3-BF4B-00C04F79EFBC}") = "KenticoOnboardingApplication.Api.Tests", "test\KenticoOnboardingApplication.Api.Tests\KenticoOnboardingApplication.Api.Tests.csproj", "{0A3A061A-5ED8-43EA-A30A-B4BADE228FB2}"
EndProject
Project("{2150E333-8FDC-42A3-9474-1A3956D46DE8}") = "src", "src", "{E23D6A5C-2211-471F-AFEB-726F4D9F130C}"
EndProject
Project("{2150E333-8FDC-42A3-9474-1A3956D46DE8}") = "test", "test", "{EDD38C2F-BB87-4E03-BC33-1EDC9435684C}"
EndProject
Project("{FAE04EC0-301F-11D3-BF4B-00C04F79EFBC}") = "KenticoOnboardingApplication.Contracts", "src\KenticoOnboardingApplication.Contracts\KenticoOnboardingApplication.Contracts.csproj", "{8940F20B-E14D-488C-85BA-BA4F0CF5A575}"
EndProject
Project("{FAE04EC0-301F-11D3-BF4B-00C04F79EFBC}") = "KenticoOnboardingApplication.Repositories", "src\KenticoOnboardingApplication.Repositories\KenticoOnboardingApplication.Repositories.csproj", "{EFA2D6BD-0055-4FC6-B10E-44C7E24014A0}"
EndProject
Project("{FAE04EC0-301F-11D3-BF4B-00C04F79EFBC}") = "KenticoOnboardingApplication.Services", "src\KenticoOnboardingApplication.Services\KenticoOnboardingApplication.Services.csproj", "{3921EA51-3FEC-4AB3-B927-476FA7C0B07C}"
EndProject
Project("{FAE04EC0-301F-11D3-BF4B-00C04F79EFBC}") = "KenticoOnboardingApplication.Services.Tests", "test\KenticoOnboardingApplication.Services.Tests\KenticoOnboardingApplication.Services.Tests.csproj", "{350A9953-65A4-4ED7-A840-3C65193355FA}"
EndProject
Project("{FAE04EC0-301F-11D3-BF4B-00C04F79EFBC}") = "KenticoOnboardingApplication.Tests.Base", "test\KenticoOnboardingApplication.Tests.Base\KenticoOnboardingApplication.Tests.Base.csproj", "{1FD20BAF-4028-4B82-AFCE-9294DC02CAD5}"
EndProject
Global
	GlobalSection(SolutionConfigurationPlatforms) = preSolution
		Debug|Any CPU = Debug|Any CPU
		Release|Any CPU = Release|Any CPU
	EndGlobalSection
	GlobalSection(ProjectConfigurationPlatforms) = postSolution
		{F72C7AA5-EA04-41E3-96E3-B26E6B9C9CBA}.Debug|Any CPU.ActiveCfg = Debug|Any CPU
		{F72C7AA5-EA04-41E3-96E3-B26E6B9C9CBA}.Debug|Any CPU.Build.0 = Debug|Any CPU
		{F72C7AA5-EA04-41E3-96E3-B26E6B9C9CBA}.Release|Any CPU.ActiveCfg = Release|Any CPU
		{F72C7AA5-EA04-41E3-96E3-B26E6B9C9CBA}.Release|Any CPU.Build.0 = Release|Any CPU
		{0A3A061A-5ED8-43EA-A30A-B4BADE228FB2}.Debug|Any CPU.ActiveCfg = Debug|Any CPU
		{0A3A061A-5ED8-43EA-A30A-B4BADE228FB2}.Debug|Any CPU.Build.0 = Debug|Any CPU
		{0A3A061A-5ED8-43EA-A30A-B4BADE228FB2}.Release|Any CPU.ActiveCfg = Release|Any CPU
		{0A3A061A-5ED8-43EA-A30A-B4BADE228FB2}.Release|Any CPU.Build.0 = Release|Any CPU
		{8940F20B-E14D-488C-85BA-BA4F0CF5A575}.Debug|Any CPU.ActiveCfg = Debug|Any CPU
		{8940F20B-E14D-488C-85BA-BA4F0CF5A575}.Debug|Any CPU.Build.0 = Debug|Any CPU
		{8940F20B-E14D-488C-85BA-BA4F0CF5A575}.Release|Any CPU.ActiveCfg = Release|Any CPU
		{8940F20B-E14D-488C-85BA-BA4F0CF5A575}.Release|Any CPU.Build.0 = Release|Any CPU
		{EFA2D6BD-0055-4FC6-B10E-44C7E24014A0}.Debug|Any CPU.ActiveCfg = Debug|Any CPU
		{EFA2D6BD-0055-4FC6-B10E-44C7E24014A0}.Debug|Any CPU.Build.0 = Debug|Any CPU
		{EFA2D6BD-0055-4FC6-B10E-44C7E24014A0}.Release|Any CPU.ActiveCfg = Release|Any CPU
		{EFA2D6BD-0055-4FC6-B10E-44C7E24014A0}.Release|Any CPU.Build.0 = Release|Any CPU
		{3921EA51-3FEC-4AB3-B927-476FA7C0B07C}.Debug|Any CPU.ActiveCfg = Debug|Any CPU
		{3921EA51-3FEC-4AB3-B927-476FA7C0B07C}.Debug|Any CPU.Build.0 = Debug|Any CPU
		{3921EA51-3FEC-4AB3-B927-476FA7C0B07C}.Release|Any CPU.ActiveCfg = Release|Any CPU
		{3921EA51-3FEC-4AB3-B927-476FA7C0B07C}.Release|Any CPU.Build.0 = Release|Any CPU
		{350A9953-65A4-4ED7-A840-3C65193355FA}.Debug|Any CPU.ActiveCfg = Debug|Any CPU
		{350A9953-65A4-4ED7-A840-3C65193355FA}.Debug|Any CPU.Build.0 = Debug|Any CPU
		{350A9953-65A4-4ED7-A840-3C65193355FA}.Release|Any CPU.ActiveCfg = Release|Any CPU
		{350A9953-65A4-4ED7-A840-3C65193355FA}.Release|Any CPU.Build.0 = Release|Any CPU
		{1FD20BAF-4028-4B82-AFCE-9294DC02CAD5}.Debug|Any CPU.ActiveCfg = Debug|Any CPU
		{1FD20BAF-4028-4B82-AFCE-9294DC02CAD5}.Debug|Any CPU.Build.0 = Debug|Any CPU
		{1FD20BAF-4028-4B82-AFCE-9294DC02CAD5}.Release|Any CPU.ActiveCfg = Release|Any CPU
		{1FD20BAF-4028-4B82-AFCE-9294DC02CAD5}.Release|Any CPU.Build.0 = Release|Any CPU
	EndGlobalSection
	GlobalSection(SolutionProperties) = preSolution
		HideSolutionNode = FALSE
	EndGlobalSection
	GlobalSection(NestedProjects) = preSolution
		{F72C7AA5-EA04-41E3-96E3-B26E6B9C9CBA} = {E23D6A5C-2211-471F-AFEB-726F4D9F130C}
		{0A3A061A-5ED8-43EA-A30A-B4BADE228FB2} = {EDD38C2F-BB87-4E03-BC33-1EDC9435684C}
		{8940F20B-E14D-488C-85BA-BA4F0CF5A575} = {E23D6A5C-2211-471F-AFEB-726F4D9F130C}
		{EFA2D6BD-0055-4FC6-B10E-44C7E24014A0} = {E23D6A5C-2211-471F-AFEB-726F4D9F130C}
		{3921EA51-3FEC-4AB3-B927-476FA7C0B07C} = {E23D6A5C-2211-471F-AFEB-726F4D9F130C}
		{350A9953-65A4-4ED7-A840-3C65193355FA} = {EDD38C2F-BB87-4E03-BC33-1EDC9435684C}
		{1FD20BAF-4028-4B82-AFCE-9294DC02CAD5} = {EDD38C2F-BB87-4E03-BC33-1EDC9435684C}
	EndGlobalSection
	GlobalSection(ExtensibilityGlobals) = postSolution
		SolutionGuid = {9BC6C853-3C4B-451E-BE85-0819884FDEED}
	EndGlobalSection
EndGlobal
